{
    "_meta": {
        "hash": {
            "sha256": "7f984b7b47d176c69f2ba7c29c2f9a16c4083d9f47e0bda981bdf639c978bd67"
        },
        "pipfile-spec": 6,
        "requires": {
            "python_version": "3.6"
        },
        "sources": [
            {
                "name": "pypi",
                "url": "https://pypi.python.org/simple",
                "verify_ssl": true
            }
        ]
    },
    "default": {
        "beautifulsoup4": {
            "hashes": [
                "sha256:11a9a27b7d3bddc6d86f59fb76afb70e921a25ac2d6cc55b40d072bd68435a76",
                "sha256:7015e76bf32f1f574636c4288399a6de66ce08fb7b2457f628a8d70c0fbabb11",
                "sha256:808b6ac932dccb0a4126558f7dfdcf41710dd44a4ef497a0bb59a77f9f078e89"
            ],
            "index": "pypi",
            "version": "==4.6.0"
        },
        "demjson": {
            "hashes": [
                "sha256:31de2038a0fdd9c4c11f8bf3b13fe77bc2a128307f965c8d5fb4dc6d6f6beb79"
            ],
            "index": "pypi",
            "version": "==2.2.4"
        }
    },
    "develop": {}
}
